
Microsoft Visual Studio Solution File, Format Version 12.00
# Visual Studio Version 16
VisualStudioVersion = 16.0.31005.135
MinimumVisualStudioVersion = 10.0.40219.1
Project("{8BC9CEB8-8B4A-11D0-8D11-00A0C91BC942}") = "Laba3_while", "Laba3_while\Laba3.vcxproj", "{7566F8AE-60AA-4A39-9838-8047403CEE55}"
EndProject
Project("{8BC9CEB8-8B4A-11D0-8D11-00A0C91BC942}") = "Laba3_for", "Laba3_for\Laba3_for.vcxproj", "{7494BE4E-648C-4770-862D-B1B1AD1C07FB}"
EndProject
Project("{8BC9CEB8-8B4A-11D0-8D11-00A0C91BC942}") = "Laba3_do_while", "Laba3_do_while\Laba3_do_while.vcxproj", "{A56C22E3-FB0E-4BE2-BCD6-DC0D1CB319F8}"
EndProject
Global
	GlobalSection(SolutionConfigurationPlatforms) = preSolution
		Debug|x64 = Debug|x64
		Debug|x86 = Debug|x86
		Release|x64 = Release|x64
		Release|x86 = Release|x86
	EndGlobalSection
	GlobalSection(ProjectConfigurationPlatforms) = postSolution
		{7566F8AE-60AA-4A39-9838-8047403CEE55}.Debug|x64.ActiveCfg = Debug|x64
		{7566F8AE-60AA-4A39-9838-8047403CEE55}.Debug|x64.Build.0 = Debug|x64
		{7566F8AE-60AA-4A39-9838-8047403CEE55}.Debug|x86.ActiveCfg = Debug|Win32
		{7566F8AE-60AA-4A39-9838-8047403CEE55}.Debug|x86.Build.0 = Debug|Win32
		{7566F8AE-60AA-4A39-9838-8047403CEE55}.Release|x64.ActiveCfg = Release|x64
		{7566F8AE-60AA-4A39-9838-8047403CEE55}.Release|x64.Build.0 = Release|x64
		{7566F8AE-60AA-4A39-9838-8047403CEE55}.Release|x86.ActiveCfg = Release|Win32
		{7566F8AE-60AA-4A39-9838-8047403CEE55}.Release|x86.Build.0 = Release|Win32
		{7494BE4E-648C-4770-862D-B1B1AD1C07FB}.Debug|x64.ActiveCfg = Debug|x64
		{7494BE4E-648C-4770-862D-B1B1AD1C07FB}.Debug|x64.Build.0 = Debug|x64
		{7494BE4E-648C-4770-862D-B1B1AD1C07FB}.Debug|x86.ActiveCfg = Debug|Win32
		{7494BE4E-648C-4770-862D-B1B1AD1C07FB}.Debug|x86.Build.0 = Debug|Win32
		{7494BE4E-648C-4770-862D-B1B1AD1C07FB}.Release|x64.ActiveCfg = Release|x64
		{7494BE4E-648C-4770-862D-B1B1AD1C07FB}.Release|x64.Build.0 = Release|x64
		{7494BE4E-648C-4770-862D-B1B1AD1C07FB}.Release|x86.ActiveCfg = Release|Win32
		{7494BE4E-648C-4770-862D-B1B1AD1C07FB}.Release|x86.Build.0 = Release|Win32
		{A56C22E3-FB0E-4BE2-BCD6-DC0D1CB319F8}.Debug|x64.ActiveCfg = Debug|x64
		{A56C22E3-FB0E-4BE2-BCD6-DC0D1CB319F8}.Debug|x64.Build.0 = Debug|x64
		{A56C22E3-FB0E-4BE2-BCD6-DC0D1CB319F8}.Debug|x86.ActiveCfg = Debug|Win32
		{A56C22E3-FB0E-4BE2-BCD6-DC0D1CB319F8}.Debug|x86.Build.0 = Debug|Win32
		{A56C22E3-FB0E-4BE2-BCD6-DC0D1CB319F8}.Release|x64.ActiveCfg = Release|x64
		{A56C22E3-FB0E-4BE2-BCD6-DC0D1CB319F8}.Release|x64.Build.0 = Release|x64
		{A56C22E3-FB0E-4BE2-BCD6-DC0D1CB319F8}.Release|x86.ActiveCfg = Release|Win32
		{A56C22E3-FB0E-4BE2-BCD6-DC0D1CB319F8}.Release|x86.Build.0 = Release|Win32
	EndGlobalSection
	GlobalSection(SolutionProperties) = preSolution
		HideSolutionNode = FALSE
	EndGlobalSection
	GlobalSection(ExtensibilityGlobals) = postSolution
		SolutionGuid = {7C203D97-C38E-408A-B041-82CEE94BCEA3}
	EndGlobalSection
EndGlobal
